PODS:
  - BRCocoaLumberjack (2.0.1):
    - CocoaLumberjack (~> 2.0)
  - CocoaLumberjack (2.0.3):
    - CocoaLumberjack/Default (= 2.0.3)
    - CocoaLumberjack/Extensions (= 2.0.3)
  - CocoaLumberjack/Core (2.0.3)
  - CocoaLumberjack/Default (2.0.3):
    - CocoaLumberjack/Core
  - CocoaLumberjack/Extensions (2.0.3):
    - CocoaLumberjack/Default

DEPENDENCIES:
  - BRCocoaLumberjack (~> 2.0)

SPEC CHECKSUMS:
  BRCocoaLumberjack: 529d9525681ea2514d3d607011267848bc337bbe
  CocoaLumberjack: f58d8a19629f4d8379ae14bb3534def24161430e

COCOAPODS: 0.39.0
