PODS:
  - BRCocoaLumberjack (2.0.1):
    - CocoaLumberjack (~> 2.0)
  - CocoaLumberjack (2.0.1):
    - CocoaLumberjack/Default (= 2.0.1)
    - CocoaLumberjack/Extensions (= 2.0.1)
  - CocoaLumberjack/Core (2.0.1)
  - CocoaLumberjack/Default (2.0.1):
    - CocoaLumberjack/Core
  - CocoaLumberjack/Extensions (2.0.1):
    - CocoaLumberjack/Default

DEPENDENCIES:
  - BRCocoaLumberjack (~> 2.0)

SPEC CHECKSUMS:
  BRCocoaLumberjack: 529d9525681ea2514d3d607011267848bc337bbe
  CocoaLumberjack: 019d1361244274a6138c788c6cb80baabc13fb8f

COCOAPODS: 0.38.2
