// !$*UTF8*$!
{
	archiveVersion = 1;
	classes = {
	};
	objectVersion = 46;
	objects = {

/* Begin PBXBuildFile section */
		AAE28B1C60B59D9675298309 /* libPods-BRScrollerDemo.a in Frameworks */ = {isa = PBXBuildFile; fileRef = AF3D52E90CA8A9C073CBB081 /* libPods-BRScrollerDemo.a */; };
		C9493878178E33D7000B1D4E /* UIKit.framework in Frameworks */ = {isa = PBXBuildFile; fileRef = C9493877178E33D7000B1D4E /* UIKit.framework */; };
		C949387A178E33D7000B1D4E /* Foundation.framework in Frameworks */ = {isa = PBXBuildFile; fileRef = C9493879178E33D7000B1D4E /* Foundation.framework */; };
		C949387C178E33D7000B1D4E /* CoreGraphics.framework in Frameworks */ = {isa = PBXBuildFile; fileRef = C949387B178E33D7000B1D4E /* CoreGraphics.framework */; };
		C9493882178E33D7000B1D4E /* InfoPlist.strings in Resources */ = {isa = PBXBuildFile; fileRef = C9493880178E33D7000B1D4E /* InfoPlist.strings */; };
		C9493884178E33D7000B1D4E /* main.m in Sources */ = {isa = PBXBuildFile; fileRef = C9493883178E33D7000B1D4E /* main.m */; };
		C9493888178E33D7000B1D4E /* AppDelegate.m in Sources */ = {isa = PBXBuildFile; fileRef = C9493887178E33D7000B1D4E /* AppDelegate.m */; };
		C949388A178E33D7000B1D4E /* Default.png in Resources */ = {isa = PBXBuildFile; fileRef = C9493889178E33D7000B1D4E /* Default.png */; };
		C949388C178E33D7000B1D4E /* Default@2x.png in Resources */ = {isa = PBXBuildFile; fileRef = C949388B178E33D7000B1D4E /* Default@2x.png */; };
		C949388E178E33D7000B1D4E /* Default-568h@2x.png in Resources */ = {isa = PBXBuildFile; fileRef = C949388D178E33D7000B1D4E /* Default-568h@2x.png */; };
		C9493891178E33D7000B1D4E /* AsyncPhotoViewController.m in Sources */ = {isa = PBXBuildFile; fileRef = C9493890178E33D7000B1D4E /* AsyncPhotoViewController.m */; };
		C9493894178E33D7000B1D4E /* AsyncPhotoViewController.xib in Resources */ = {isa = PBXBuildFile; fileRef = C9493892178E33D7000B1D4E /* AsyncPhotoViewController.xib */; };
		C94938BE178E682A000B1D4E /* 1.jpeg in Resources */ = {isa = PBXBuildFile; fileRef = C94938B5178E682A000B1D4E /* 1.jpeg */; };
		C94938BF178E682A000B1D4E /* 2.jpeg in Resources */ = {isa = PBXBuildFile; fileRef = C94938B6178E682A000B1D4E /* 2.jpeg */; };
		C94938C0178E682A000B1D4E /* 3.jpeg in Resources */ = {isa = PBXBuildFile; fileRef = C94938B7178E682A000B1D4E /* 3.jpeg */; };
		C94938C1178E682A000B1D4E /* 4.jpeg in Resources */ = {isa = PBXBuildFile; fileRef = C94938B8178E682A000B1D4E /* 4.jpeg */; };
		C94938C2178E682A000B1D4E /* 5.jpeg in Resources */ = {isa = PBXBuildFile; fileRef = C94938B9178E682A000B1D4E /* 5.jpeg */; };
		C94938C3178E682A000B1D4E /* 6.jpeg in Resources */ = {isa = PBXBuildFile; fileRef = C94938BA178E682A000B1D4E /* 6.jpeg */; };
		C94938C4178E682A000B1D4E /* 7.jpeg in Resources */ = {isa = PBXBuildFile; fileRef = C94938BB178E682A000B1D4E /* 7.jpeg */; };
		C94938C5178E682A000B1D4E /* 8.jpeg in Resources */ = {isa = PBXBuildFile; fileRef = C94938BC178E682A000B1D4E /* 8.jpeg */; };
		C94938C6178E682A000B1D4E /* 9.jpeg in Resources */ = {isa = PBXBuildFile; fileRef = C94938BD178E682A000B1D4E /* 9.jpeg */; };
		C95D44991BD0D14F00A089FC /* PdfViewController.m in Sources */ = {isa = PBXBuildFile; fileRef = C95D44971BD0D14F00A089FC /* PdfViewController.m */; settings = {ASSET_TAGS = (); }; };
		C95D449A1BD0D14F00A089FC /* PdfViewController.xib in Resources */ = {isa = PBXBuildFile; fileRef = C95D44981BD0D14F00A089FC /* PdfViewController.xib */; settings = {ASSET_TAGS = (); }; };
		C95D449C1BD0D2F400A089FC /* SVN Book.pdf in Resources */ = {isa = PBXBuildFile; fileRef = C95D449B1BD0D2F400A089FC /* SVN Book.pdf */; settings = {ASSET_TAGS = (); }; };
		C9610C6717A0DA5C00382E4D /* ReverseViewController.m in Sources */ = {isa = PBXBuildFile; fileRef = C9610C6617A0DA5C00382E4D /* ReverseViewController.m */; };
		C965CC9D17947CA40024DFF4 /* DemoChoicesViewController.m in Sources */ = {isa = PBXBuildFile; fileRef = C965CC9C17947CA40024DFF4 /* DemoChoicesViewController.m */; };
		C965CCA11794817B0024DFF4 /* SimpleViewController.m in Sources */ = {isa = PBXBuildFile; fileRef = C965CC9F1794817B0024DFF4 /* SimpleViewController.m */; };
		C965CCA21794817B0024DFF4 /* SimpleViewController.xib in Resources */ = {isa = PBXBuildFile; fileRef = C965CCA01794817B0024DFF4 /* SimpleViewController.xib */; };
		C965CCAE179526A20024DFF4 /* Localizable.strings in Resources */ = {isa = PBXBuildFile; fileRef = C965CCB0179526A20024DFF4 /* Localizable.strings */; };
		C9775D6D1795CFED006E3C1E /* DemoTiledView.m in Sources */ = {isa = PBXBuildFile; fileRef = C9775D6C1795CFED006E3C1E /* DemoTiledView.m */; };
		C9775D721795D441006E3C1E /* DemoTiledViewController.m in Sources */ = {isa = PBXBuildFile; fileRef = C9775D701795D441006E3C1E /* DemoTiledViewController.m */; };
		C9775D731795D441006E3C1E /* DemoTiledViewController.xib in Resources */ = {isa = PBXBuildFile; fileRef = C9775D711795D441006E3C1E /* DemoTiledViewController.xib */; };
		C9775D761795D501006E3C1E /* DemoZoomingTiledView.m in Sources */ = {isa = PBXBuildFile; fileRef = C9775D751795D500006E3C1E /* DemoZoomingTiledView.m */; };
		C9775D7A1795F84F006E3C1E /* MultiViewController.m in Sources */ = {isa = PBXBuildFile; fileRef = C9775D781795F84E006E3C1E /* MultiViewController.m */; };
		C9775D7B1795F84F006E3C1E /* MultiViewController.xib in Resources */ = {isa = PBXBuildFile; fileRef = C9775D791795F84E006E3C1E /* MultiViewController.xib */; };
		C98BF8501793A91300026093 /* QuartzCore.framework in Frameworks */ = {isa = PBXBuildFile; fileRef = C98BF84F1793A91300026093 /* QuartzCore.framework */; };
		C98BF8521793C01E00026093 /* 10.jpeg in Resources */ = {isa = PBXBuildFile; fileRef = C98BF8511793C01E00026093 /* 10.jpeg */; };
		C994A8D9179F3751008204CE /* InfiniteViewController.m in Sources */ = {isa = PBXBuildFile; fileRef = C994A8D8179F3751008204CE /* InfiniteViewController.m */; };
		C9B090E617A8632000DD6327 /* BaseDemoViewController.m in Sources */ = {isa = PBXBuildFile; fileRef = C9B090E517A8632000DD6327 /* BaseDemoViewController.m */; };
/* End PBXBuildFile section */

/* Begin PBXFileReference section */
		08D21A6281D3B82FF6960ABA /* Pods-BRScrollerDemo.release.xcconfig */ = {isa = PBXFileReference; includeInIndex = 1; lastKnownFileType = text.xcconfig; name = "Pods-BRScrollerDemo.release.xcconfig"; path = "Pods/Target Support Files/Pods-BRScrollerDemo/Pods-BRScrollerDemo.release.xcconfig"; sourceTree = "<group>"; };
		34D08B3798ADCCEA311D6684 /* Pods-BRScrollerDemo.debug.xcconfig */ = {isa = PBXFileReference; includeInIndex = 1; lastKnownFileType = text.xcconfig; name = "Pods-BRScrollerDemo.debug.xcconfig"; path = "Pods/Target Support Files/Pods-BRScrollerDemo/Pods-BRScrollerDemo.debug.xcconfig"; sourceTree = "<group>"; };
		AF3D52E90CA8A9C073CBB081 /* libPods-BRScrollerDemo.a */ = {isa = PBXFileReference; explicitFileType = archive.ar; includeInIndex = 0; path = "libPods-BRScrollerDemo.a"; sourceTree = BUILT_PRODUCTS_DIR; };
		C9493874178E33D7000B1D4E /* BRScrollerDemo.app */ = {isa = PBXFileReference; explicitFileType = wrapper.application; includeInIndex = 0; path = BRScrollerDemo.app; sourceTree = BUILT_PRODUCTS_DIR; };
		C9493877178E33D7000B1D4E /* UIKit.framework */ = {isa = PBXFileReference; lastKnownFileType = wrapper.framework; name = UIKit.framework; path = System/Library/Frameworks/UIKit.framework; sourceTree = SDKROOT; };
		C9493879178E33D7000B1D4E /* Foundation.framework */ = {isa = PBXFileReference; lastKnownFileType = wrapper.framework; name = Foundation.framework; path = System/Library/Frameworks/Foundation.framework; sourceTree = SDKROOT; };
		C949387B178E33D7000B1D4E /* CoreGraphics.framework */ = {isa = PBXFileReference; lastKnownFileType = wrapper.framework; name = CoreGraphics.framework; path = System/Library/Frameworks/CoreGraphics.framework; sourceTree = SDKROOT; };
		C949387F178E33D7000B1D4E /* BRScrollerDemo-Info.plist */ = {isa = PBXFileReference; lastKnownFileType = text.plist.xml; path = "BRScrollerDemo-Info.plist"; sourceTree = "<group>"; };
		C9493881178E33D7000B1D4E /* en */ = {isa = PBXFileReference; lastKnownFileType = text.plist.strings; name = en; path = en.lproj/InfoPlist.strings; sourceTree = "<group>"; };
		C9493883178E33D7000B1D4E /* main.m */ = {isa = PBXFileReference; lastKnownFileType = sourcecode.c.objc; path = main.m; sourceTree = "<group>"; };
		C9493885178E33D7000B1D4E /* BRScrollerDemo-Prefix.pch */ = {isa = PBXFileReference; lastKnownFileType = sourcecode.c.h; path = "BRScrollerDemo-Prefix.pch"; sourceTree = "<group>"; };
		C9493886178E33D7000B1D4E /* AppDelegate.h */ = {isa = PBXFileReference; lastKnownFileType = sourcecode.c.h; path = AppDelegate.h; sourceTree = "<group>"; };
		C9493887178E33D7000B1D4E /* AppDelegate.m */ = {isa = PBXFileReference; lastKnownFileType = sourcecode.c.objc; path = AppDelegate.m; sourceTree = "<group>"; };
		C9493889178E33D7000B1D4E /* Default.png */ = {isa = PBXFileReference; lastKnownFileType = image.png; path = Default.png; sourceTree = "<group>"; };
		C949388B178E33D7000B1D4E /* Default@2x.png */ = {isa = PBXFileReference; lastKnownFileType = image.png; path = "Default@2x.png"; sourceTree = "<group>"; };
		C949388D178E33D7000B1D4E /* Default-568h@2x.png */ = {isa = PBXFileReference; lastKnownFileType = image.png; path = "Default-568h@2x.png"; sourceTree = "<group>"; };
		C949388F178E33D7000B1D4E /* AsyncPhotoViewController.h */ = {isa = PBXFileReference; lastKnownFileType = sourcecode.c.h; path = AsyncPhotoViewController.h; sourceTree = "<group>"; };
		C9493890178E33D7000B1D4E /* AsyncPhotoViewController.m */ = {isa = PBXFileReference; lastKnownFileType = sourcecode.c.objc; path = AsyncPhotoViewController.m; sourceTree = "<group>"; };
		C9493893178E33D7000B1D4E /* en */ = {isa = PBXFileReference; lastKnownFileType = file.xib; name = en; path = en.lproj/AsyncPhotoViewController.xib; sourceTree = "<group>"; };
		C94938B5178E682A000B1D4E /* 1.jpeg */ = {isa = PBXFileReference; lastKnownFileType = image.jpeg; path = 1.jpeg; sourceTree = "<group>"; };
		C94938B6178E682A000B1D4E /* 2.jpeg */ = {isa = PBXFileReference; lastKnownFileType = image.jpeg; path = 2.jpeg; sourceTree = "<group>"; };
		C94938B7178E682A000B1D4E /* 3.jpeg */ = {isa = PBXFileReference; lastKnownFileType = image.jpeg; path = 3.jpeg; sourceTree = "<group>"; };
		C94938B8178E682A000B1D4E /* 4.jpeg */ = {isa = PBXFileReference; lastKnownFileType = image.jpeg; path = 4.jpeg; sourceTree = "<group>"; };
		C94938B9178E682A000B1D4E /* 5.jpeg */ = {isa = PBXFileReference; lastKnownFileType = image.jpeg; path = 5.jpeg; sourceTree = "<group>"; };
		C94938BA178E682A000B1D4E /* 6.jpeg */ = {isa = PBXFileReference; lastKnownFileType = image.jpeg; path = 6.jpeg; sourceTree = "<group>"; };
		C94938BB178E682A000B1D4E /* 7.jpeg */ = {isa = PBXFileReference; lastKnownFileType = image.jpeg; path = 7.jpeg; sourceTree = "<group>"; };
		C94938BC178E682A000B1D4E /* 8.jpeg */ = {isa = PBXFileReference; lastKnownFileType = image.jpeg; path = 8.jpeg; sourceTree = "<group>"; };
		C94938BD178E682A000B1D4E /* 9.jpeg */ = {isa = PBXFileReference; lastKnownFileType = image.jpeg; path = 9.jpeg; sourceTree = "<group>"; };
		C95D44961BD0D14F00A089FC /* PdfViewController.h */ = {isa = PBXFileReference; fileEncoding = 4; lastKnownFileType = sourcecode.c.h; path = PdfViewController.h; sourceTree = "<group>"; };
		C95D44971BD0D14F00A089FC /* PdfViewController.m */ = {isa = PBXFileReference; fileEncoding = 4; lastKnownFileType = sourcecode.c.objc; path = PdfViewController.m; sourceTree = "<group>"; };
		C95D44981BD0D14F00A089FC /* PdfViewController.xib */ = {isa = PBXFileReference; fileEncoding = 4; lastKnownFileType = file.xib; path = PdfViewController.xib; sourceTree = "<group>"; };
		C95D449B1BD0D2F400A089FC /* SVN Book.pdf */ = {isa = PBXFileReference; lastKnownFileType = image.pdf; path = "SVN Book.pdf"; sourceTree = "<group>"; };
		C9610C6517A0DA5C00382E4D /* ReverseViewController.h */ = {isa = PBXFileReference; fileEncoding = 4; lastKnownFileType = sourcecode.c.h; path = ReverseViewController.h; sourceTree = "<group>"; };
		C9610C6617A0DA5C00382E4D /* ReverseViewController.m */ = {isa = PBXFileReference; fileEncoding = 4; lastKnownFileType = sourcecode.c.objc; path = ReverseViewController.m; sourceTree = "<group>"; };
		C965CC9B17947CA40024DFF4 /* DemoChoicesViewController.h */ = {isa = PBXFileReference; fileEncoding = 4; lastKnownFileType = sourcecode.c.h; path = DemoChoicesViewController.h; sourceTree = "<group>"; };
		C965CC9C17947CA40024DFF4 /* DemoChoicesViewController.m */ = {isa = PBXFileReference; fileEncoding = 4; lastKnownFileType = sourcecode.c.objc; path = DemoChoicesViewController.m; sourceTree = "<group>"; };
		C965CC9E1794817B0024DFF4 /* SimpleViewController.h */ = {isa = PBXFileReference; fileEncoding = 4; lastKnownFileType = sourcecode.c.h; path = SimpleViewController.h; sourceTree = "<group>"; };
		C965CC9F1794817B0024DFF4 /* SimpleViewController.m */ = {isa = PBXFileReference; fileEncoding = 4; lastKnownFileType = sourcecode.c.objc; path = SimpleViewController.m; sourceTree = "<group>"; };
		C965CCA01794817B0024DFF4 /* SimpleViewController.xib */ = {isa = PBXFileReference; fileEncoding = 4; lastKnownFileType = file.xib; path = SimpleViewController.xib; sourceTree = "<group>"; };
		C965CCAF179526A20024DFF4 /* en */ = {isa = PBXFileReference; lastKnownFileType = text.plist.strings; name = en; path = en.lproj/Localizable.strings; sourceTree = "<group>"; };
		C9775D6B1795CFED006E3C1E /* DemoTiledView.h */ = {isa = PBXFileReference; fileEncoding = 4; lastKnownFileType = sourcecode.c.h; path = DemoTiledView.h; sourceTree = "<group>"; };
		C9775D6C1795CFED006E3C1E /* DemoTiledView.m */ = {isa = PBXFileReference; fileEncoding = 4; lastKnownFileType = sourcecode.c.objc; path = DemoTiledView.m; sourceTree = "<group>"; };
		C9775D6F1795D440006E3C1E /* DemoTiledViewController.h */ = {isa = PBXFileReference; fileEncoding = 4; lastKnownFileType = sourcecode.c.h; path = DemoTiledViewController.h; sourceTree = "<group>"; };
		C9775D701795D441006E3C1E /* DemoTiledViewController.m */ = {isa = PBXFileReference; fileEncoding = 4; lastKnownFileType = sourcecode.c.objc; path = DemoTiledViewController.m; sourceTree = "<group>"; };
		C9775D711795D441006E3C1E /* DemoTiledViewController.xib */ = {isa = PBXFileReference; fileEncoding = 4; lastKnownFileType = file.xib; path = DemoTiledViewController.xib; sourceTree = "<group>"; };
		C9775D741795D500006E3C1E /* DemoZoomingTiledView.h */ = {isa = PBXFileReference; fileEncoding = 4; lastKnownFileType = sourcecode.c.h; path = DemoZoomingTiledView.h; sourceTree = "<group>"; };
		C9775D751795D500006E3C1E /* DemoZoomingTiledView.m */ = {isa = PBXFileReference; fileEncoding = 4; lastKnownFileType = sourcecode.c.objc; path = DemoZoomingTiledView.m; sourceTree = "<group>"; };
		C9775D771795F84E006E3C1E /* MultiViewController.h */ = {isa = PBXFileReference; fileEncoding = 4; lastKnownFileType = sourcecode.c.h; path = MultiViewController.h; sourceTree = "<group>"; };
		C9775D781795F84E006E3C1E /* MultiViewController.m */ = {isa = PBXFileReference; fileEncoding = 4; lastKnownFileType = sourcecode.c.objc; path = MultiViewController.m; sourceTree = "<group>"; };
		C9775D791795F84E006E3C1E /* MultiViewController.xib */ = {isa = PBXFileReference; fileEncoding = 4; lastKnownFileType = file.xib; path = MultiViewController.xib; sourceTree = "<group>"; };
		C98BF84F1793A91300026093 /* QuartzCore.framework */ = {isa = PBXFileReference; lastKnownFileType = wrapper.framework; name = QuartzCore.framework; path = System/Library/Frameworks/QuartzCore.framework; sourceTree = SDKROOT; };
		C98BF8511793C01E00026093 /* 10.jpeg */ = {isa = PBXFileReference; lastKnownFileType = image.jpeg; path = 10.jpeg; sourceTree = "<group>"; };
		C994A8D7179F3751008204CE /* InfiniteViewController.h */ = {isa = PBXFileReference; fileEncoding = 4; lastKnownFileType = sourcecode.c.h; path = InfiniteViewController.h; sourceTree = "<group>"; };
		C994A8D8179F3751008204CE /* InfiniteViewController.m */ = {isa = PBXFileReference; fileEncoding = 4; lastKnownFileType = sourcecode.c.objc; path = InfiniteViewController.m; sourceTree = "<group>"; };
		C9B090E417A8632000DD6327 /* BaseDemoViewController.h */ = {isa = PBXFileReference; fileEncoding = 4; lastKnownFileType = sourcecode.c.h; path = BaseDemoViewController.h; sourceTree = "<group>"; };
		C9B090E517A8632000DD6327 /* BaseDemoViewController.m */ = {isa = PBXFileReference; fileEncoding = 4; lastKnownFileType = sourcecode.c.objc; path = BaseDemoViewController.m; sourceTree = "<group>"; };
/* End PBXFileReference section */

/* Begin PBXFrameworksBuildPhase section */
		C9493871178E33D7000B1D4E /* Frameworks */ = {
			isa = PBXFrameworksBuildPhase;
			buildActionMask = 2147483647;
			files = (
				C98BF8501793A91300026093 /* QuartzCore.framework in Frameworks */,
				C9493878178E33D7000B1D4E /* UIKit.framework in Frameworks */,
				C949387A178E33D7000B1D4E /* Foundation.framework in Frameworks */,
				C949387C178E33D7000B1D4E /* CoreGraphics.framework in Frameworks */,
				AAE28B1C60B59D9675298309 /* libPods-BRScrollerDemo.a in Frameworks */,
			);
			runOnlyForDeploymentPostprocessing = 0;
		};
/* End PBXFrameworksBuildPhase section */

/* Begin PBXGroup section */
		30AD82AF44798F0143B4F9CB /* Pods */ = {
			isa = PBXGroup;
			children = (
				34D08B3798ADCCEA311D6684 /* Pods-BRScrollerDemo.debug.xcconfig */,
				08D21A6281D3B82FF6960ABA /* Pods-BRScrollerDemo.release.xcconfig */,
			);
			name = Pods;
			sourceTree = "<group>";
		};
		C949386B178E33D7000B1D4E = {
			isa = PBXGroup;
			children = (
				C949387D178E33D7000B1D4E /* BRScrollerDemo */,
				C9493876178E33D7000B1D4E /* Frameworks */,
				C9493875178E33D7000B1D4E /* Products */,
				30AD82AF44798F0143B4F9CB /* Pods */,
			);
			sourceTree = "<group>";
		};
		C9493875178E33D7000B1D4E /* Products */ = {
			isa = PBXGroup;
			children = (
				C9493874178E33D7000B1D4E /* BRScrollerDemo.app */,
			);
			name = Products;
			sourceTree = "<group>";
		};
		C9493876178E33D7000B1D4E /* Frameworks */ = {
			isa = PBXGroup;
			children = (
				C949387B178E33D7000B1D4E /* CoreGraphics.framework */,
				C9493879178E33D7000B1D4E /* Foundation.framework */,
				C98BF84F1793A91300026093 /* QuartzCore.framework */,
				C9493877178E33D7000B1D4E /* UIKit.framework */,
				AF3D52E90CA8A9C073CBB081 /* libPods-BRScrollerDemo.a */,
			);
			name = Frameworks;
			sourceTree = "<group>";
		};
		C949387D178E33D7000B1D4E /* BRScrollerDemo */ = {
			isa = PBXGroup;
			children = (
				C9610C6917A0DB5A00382E4D /* Examples */,
				C9493886178E33D7000B1D4E /* AppDelegate.h */,
				C9493887178E33D7000B1D4E /* AppDelegate.m */,
				C965CC9B17947CA40024DFF4 /* DemoChoicesViewController.h */,
				C965CC9C17947CA40024DFF4 /* DemoChoicesViewController.m */,
				C965CCB0179526A20024DFF4 /* Localizable.strings */,
				C94938B4178E682A000B1D4E /* Images */,
				C949387E178E33D7000B1D4E /* Supporting Files */,
			);
			path = BRScrollerDemo;
			sourceTree = "<group>";
		};
		C949387E178E33D7000B1D4E /* Supporting Files */ = {
			isa = PBXGroup;
			children = (
				C949387F178E33D7000B1D4E /* BRScrollerDemo-Info.plist */,
				C9493880178E33D7000B1D4E /* InfoPlist.strings */,
				C9493883178E33D7000B1D4E /* main.m */,
				C9493885178E33D7000B1D4E /* BRScrollerDemo-Prefix.pch */,
				C9493889178E33D7000B1D4E /* Default.png */,
				C949388B178E33D7000B1D4E /* Default@2x.png */,
				C949388D178E33D7000B1D4E /* Default-568h@2x.png */,
			);
			name = "Supporting Files";
			sourceTree = "<group>";
		};
		C94938B4178E682A000B1D4E /* Images */ = {
			isa = PBXGroup;
			children = (
				C95D449B1BD0D2F400A089FC /* SVN Book.pdf */,
				C94938B5178E682A000B1D4E /* 1.jpeg */,
				C94938B6178E682A000B1D4E /* 2.jpeg */,
				C94938B7178E682A000B1D4E /* 3.jpeg */,
				C94938B8178E682A000B1D4E /* 4.jpeg */,
				C94938B9178E682A000B1D4E /* 5.jpeg */,
				C94938BA178E682A000B1D4E /* 6.jpeg */,
				C94938BB178E682A000B1D4E /* 7.jpeg */,
				C94938BC178E682A000B1D4E /* 8.jpeg */,
				C94938BD178E682A000B1D4E /* 9.jpeg */,
				C98BF8511793C01E00026093 /* 10.jpeg */,
			);
			path = Images;
			sourceTree = SOURCE_ROOT;
		};
		C9610C6917A0DB5A00382E4D /* Examples */ = {
			isa = PBXGroup;
			children = (
				C949388F178E33D7000B1D4E /* AsyncPhotoViewController.h */,
				C9493890178E33D7000B1D4E /* AsyncPhotoViewController.m */,
				C9493892178E33D7000B1D4E /* AsyncPhotoViewController.xib */,
				C9B090E417A8632000DD6327 /* BaseDemoViewController.h */,
				C9B090E517A8632000DD6327 /* BaseDemoViewController.m */,
				C95D44961BD0D14F00A089FC /* PdfViewController.h */,
				C95D44971BD0D14F00A089FC /* PdfViewController.m */,
				C95D44981BD0D14F00A089FC /* PdfViewController.xib */,
				C9775D6B1795CFED006E3C1E /* DemoTiledView.h */,
				C9775D6C1795CFED006E3C1E /* DemoTiledView.m */,
				C9775D6F1795D440006E3C1E /* DemoTiledViewController.h */,
				C9775D701795D441006E3C1E /* DemoTiledViewController.m */,
				C9775D711795D441006E3C1E /* DemoTiledViewController.xib */,
				C9775D741795D500006E3C1E /* DemoZoomingTiledView.h */,
				C9775D751795D500006E3C1E /* DemoZoomingTiledView.m */,
				C994A8D7179F3751008204CE /* InfiniteViewController.h */,
				C994A8D8179F3751008204CE /* InfiniteViewController.m */,
				C9775D771795F84E006E3C1E /* MultiViewController.h */,
				C9775D781795F84E006E3C1E /* MultiViewController.m */,
				C9775D791795F84E006E3C1E /* MultiViewController.xib */,
				C9610C6517A0DA5C00382E4D /* ReverseViewController.h */,
				C9610C6617A0DA5C00382E4D /* ReverseViewController.m */,
				C965CC9E1794817B0024DFF4 /* SimpleViewController.h */,
				C965CC9F1794817B0024DFF4 /* SimpleViewController.m */,
				C965CCA01794817B0024DFF4 /* SimpleViewController.xib */,
			);
			name = Examples;
			sourceTree = "<group>";
		};
/* End PBXGroup section */

/* Begin PBXNativeTarget section */
		C9493873178E33D7000B1D4E /* BRScrollerDemo */ = {
			isa = PBXNativeTarget;
			buildConfigurationList = C949389A178E33D7000B1D4E /* Build configuration list for PBXNativeTarget "BRScrollerDemo" */;
			buildPhases = (
				C106DC8733F0FB029F5F9F71 /* Check Pods Manifest.lock */,
				C9493870178E33D7000B1D4E /* Sources */,
				C9493871178E33D7000B1D4E /* Frameworks */,
				C9493872178E33D7000B1D4E /* Resources */,
				92832A607F3BDA8FAD988FE0 /* Copy Pods Resources */,
				7E14344B1F48B21A5CAF904B /* Embed Pods Frameworks */,
			);
			buildRules = (
			);
			dependencies = (
			);
			name = BRScrollerDemo;
			productName = BRScrollerDemo;
			productReference = C9493874178E33D7000B1D4E /* BRScrollerDemo.app */;
			productType = "com.apple.product-type.application";
		};
/* End PBXNativeTarget section */

/* Begin PBXProject section */
		C949386C178E33D7000B1D4E /* Project object */ = {
			isa = PBXProject;
			attributes = {
				LastUpgradeCheck = 0700;
				ORGANIZATIONNAME = "Blue Rocket";
			};
			buildConfigurationList = C949386F178E33D7000B1D4E /* Build configuration list for PBXProject "BRScrollerDemo" */;
			compatibilityVersion = "Xcode 3.2";
			developmentRegion = English;
			hasScannedForEncodings = 0;
			knownRegions = (
				en,
			);
			mainGroup = C949386B178E33D7000B1D4E;
			productRefGroup = C9493875178E33D7000B1D4E /* Products */;
			projectDirPath = "";
			projectRoot = "";
			targets = (
				C9493873178E33D7000B1D4E /* BRScrollerDemo */,
			);
		};
/* End PBXProject section */

/* Begin PBXResourcesBuildPhase section */
		C9493872178E33D7000B1D4E /* Resources */ = {
			isa = PBXResourcesBuildPhase;
			buildActionMask = 2147483647;
			files = (
				C9493882178E33D7000B1D4E /* InfoPlist.strings in Resources */,
				C949388A178E33D7000B1D4E /* Default.png in Resources */,
				C949388C178E33D7000B1D4E /* Default@2x.png in Resources */,
				C949388E178E33D7000B1D4E /* Default-568h@2x.png in Resources */,
				C9493894178E33D7000B1D4E /* AsyncPhotoViewController.xib in Resources */,
				C94938BE178E682A000B1D4E /* 1.jpeg in Resources */,
				C94938BF178E682A000B1D4E /* 2.jpeg in Resources */,
				C94938C0178E682A000B1D4E /* 3.jpeg in Resources */,
				C94938C1178E682A000B1D4E /* 4.jpeg in Resources */,
				C94938C2178E682A000B1D4E /* 5.jpeg in Resources */,
				C94938C3178E682A000B1D4E /* 6.jpeg in Resources */,
				C94938C4178E682A000B1D4E /* 7.jpeg in Resources */,
				C94938C5178E682A000B1D4E /* 8.jpeg in Resources */,
				C94938C6178E682A000B1D4E /* 9.jpeg in Resources */,
				C98BF8521793C01E00026093 /* 10.jpeg in Resources */,
				C965CCA21794817B0024DFF4 /* SimpleViewController.xib in Resources */,
				C95D449A1BD0D14F00A089FC /* PdfViewController.xib in Resources */,
				C965CCAE179526A20024DFF4 /* Localizable.strings in Resources */,
				C95D449C1BD0D2F400A089FC /* SVN Book.pdf in Resources */,
				C9775D731795D441006E3C1E /* DemoTiledViewController.xib in Resources */,
				C9775D7B1795F84F006E3C1E /* MultiViewController.xib in Resources */,
			);
			runOnlyForDeploymentPostprocessing = 0;
		};
/* End PBXResourcesBuildPhase section */

/* Begin PBXShellScriptBuildPhase section */
		7E14344B1F48B21A5CAF904B /* Embed Pods Frameworks */ = {
			isa = PBXShellScriptBuildPhase;
			buildActionMask = 2147483647;
			files = (
			);
			inputPaths = (
			);
			name = "Embed Pods Frameworks";
			outputPaths = (
			);
			runOnlyForDeploymentPostprocessing = 0;
			shellPath = /bin/sh;
			shellScript = "\"${SRCROOT}/Pods/Target Support Files/Pods-BRScrollerDemo/Pods-BRScrollerDemo-frameworks.sh\"\n";
			showEnvVarsInLog = 0;
		};
		92832A607F3BDA8FAD988FE0 /* Copy Pods Resources */ = {
			isa = PBXShellScriptBuildPhase;
			buildActionMask = 2147483647;
			files = (
			);
			inputPaths = (
			);
			name = "Copy Pods Resources";
			outputPaths = (
			);
			runOnlyForDeploymentPostprocessing = 0;
			shellPath = /bin/sh;
			shellScript = "\"${SRCROOT}/Pods/Target Support Files/Pods-BRScrollerDemo/Pods-BRScrollerDemo-resources.sh\"\n";
			showEnvVarsInLog = 0;
		};
		C106DC8733F0FB029F5F9F71 /* Check Pods Manifest.lock */ = {
			isa = PBXShellScriptBuildPhase;
			buildActionMask = 2147483647;
			files = (
			);
			inputPaths = (
			);
			name = "Check Pods Manifest.lock";
			outputPaths = (
			);
			runOnlyForDeploymentPostprocessing = 0;
			shellPath = /bin/sh;
			shellScript = "diff \"${PODS_ROOT}/../Podfile.lock\" \"${PODS_ROOT}/Manifest.lock\" > /dev/null\nif [[ $? != 0 ]] ; then\n    cat << EOM\nerror: The sandbox is not in sync with the Podfile.lock. Run 'pod install' or update your CocoaPods installation.\nEOM\n    exit 1\nfi\n";
			showEnvVarsInLog = 0;
		};
/* End PBXShellScriptBuildPhase section */

/* Begin PBXSourcesBuildPhase section */
		C9493870178E33D7000B1D4E /* Sources */ = {
			isa = PBXSourcesBuildPhase;
			buildActionMask = 2147483647;
			files = (
				C9493884178E33D7000B1D4E /* main.m in Sources */,
				C9493888178E33D7000B1D4E /* AppDelegate.m in Sources */,
				C9493891178E33D7000B1D4E /* AsyncPhotoViewController.m in Sources */,
				C965CC9D17947CA40024DFF4 /* DemoChoicesViewController.m in Sources */,
				C965CCA11794817B0024DFF4 /* SimpleViewController.m in Sources */,
				C9775D6D1795CFED006E3C1E /* DemoTiledView.m in Sources */,
				C9B090E617A8632000DD6327 /* BaseDemoViewController.m in Sources */,
				C95D44991BD0D14F00A089FC /* PdfViewController.m in Sources */,
				C9775D721795D441006E3C1E /* DemoTiledViewController.m in Sources */,
				C9775D761795D501006E3C1E /* DemoZoomingTiledView.m in Sources */,
				C9775D7A1795F84F006E3C1E /* MultiViewController.m in Sources */,
				C994A8D9179F3751008204CE /* InfiniteViewController.m in Sources */,
				C9610C6717A0DA5C00382E4D /* ReverseViewController.m in Sources */,
			);
			runOnlyForDeploymentPostprocessing = 0;
		};
/* End PBXSourcesBuildPhase section */

/* Begin PBXVariantGroup section */
		C9493880178E33D7000B1D4E /* InfoPlist.strings */ = {
			isa = PBXVariantGroup;
			children = (
				C9493881178E33D7000B1D4E /* en */,
			);
			name = InfoPlist.strings;
			sourceTree = "<group>";
		};
		C9493892178E33D7000B1D4E /* AsyncPhotoViewController.xib */ = {
			isa = PBXVariantGroup;
			children = (
				C9493893178E33D7000B1D4E /* en */,
			);
			name = AsyncPhotoViewController.xib;
			sourceTree = "<group>";
		};
		C965CCB0179526A20024DFF4 /* Localizable.strings */ = {
			isa = PBXVariantGroup;
			children = (
				C965CCAF179526A20024DFF4 /* en */,
			);
			name = Localizable.strings;
			sourceTree = "<group>";
		};
/* End PBXVariantGroup section */

/* Begin XCBuildConfiguration section */
		C9493898178E33D7000B1D4E /* Debug */ = {
			isa = XCBuildConfiguration;
			buildSettings = {
				ALWAYS_SEARCH_USER_PATHS = NO;
				CLANG_CXX_LANGUAGE_STANDARD = "gnu++0x";
				CLANG_CXX_LIBRARY = "libc++";
				CLANG_ENABLE_OBJC_ARC = YES;
				CLANG_WARN_CONSTANT_CONVERSION = YES;
				CLANG_WARN_EMPTY_BODY = YES;
				CLANG_WARN_ENUM_CONVERSION = YES;
				CLANG_WARN_INT_CONVERSION = YES;
				CLANG_WARN__DUPLICATE_METHOD_MATCH = YES;
				"CODE_SIGN_IDENTITY[sdk=iphoneos*]" = "iPhone Developer";
				COPY_PHASE_STRIP = NO;
				ENABLE_TESTABILITY = YES;
				GCC_C_LANGUAGE_STANDARD = gnu99;
				GCC_DYNAMIC_NO_PIC = NO;
				GCC_OPTIMIZATION_LEVEL = 0;
				GCC_PREPROCESSOR_DEFINITIONS = (
					"DEBUG=1",
					"$(inherited)",
					"LOGGING=1",
				);
				GCC_SYMBOLS_PRIVATE_EXTERN = NO;
				GCC_WARN_ABOUT_RETURN_TYPE = YES;
				GCC_WARN_UNINITIALIZED_AUTOS = YES;
				GCC_WARN_UNUSED_VARIABLE = YES;
				HEADER_SEARCH_PATHS = "\"$(PROJECT_DIR)/..\"";
				IPHONEOS_DEPLOYMENT_TARGET = 5.1;
				ONLY_ACTIVE_ARCH = YES;
				OTHER_LDFLAGS = "-ObjC";
				SDKROOT = iphoneos;
				TARGETED_DEVICE_FAMILY = "1,2";
			};
			name = Debug;
		};
		C9493899178E33D7000B1D4E /* Release */ = {
			isa = XCBuildConfiguration;
			buildSettings = {
				ALWAYS_SEARCH_USER_PATHS = NO;
				CLANG_CXX_LANGUAGE_STANDARD = "gnu++0x";
				CLANG_CXX_LIBRARY = "libc++";
				CLANG_ENABLE_OBJC_ARC = YES;
				CLANG_WARN_CONSTANT_CONVERSION = YES;
				CLANG_WARN_EMPTY_BODY = YES;
				CLANG_WARN_ENUM_CONVERSION = YES;
				CLANG_WARN_INT_CONVERSION = YES;
				CLANG_WARN__DUPLICATE_METHOD_MATCH = YES;
				"CODE_SIGN_IDENTITY[sdk=iphoneos*]" = "iPhone Developer";
				COPY_PHASE_STRIP = YES;
				GCC_C_LANGUAGE_STANDARD = gnu99;
				GCC_WARN_ABOUT_RETURN_TYPE = YES;
				GCC_WARN_UNINITIALIZED_AUTOS = YES;
				GCC_WARN_UNUSED_VARIABLE = YES;
				HEADER_SEARCH_PATHS = "\"$(PROJECT_DIR)/..\"";
				IPHONEOS_DEPLOYMENT_TARGET = 5.1;
				OTHER_CFLAGS = "-DNS_BLOCK_ASSERTIONS=1";
				OTHER_LDFLAGS = "-ObjC";
				SDKROOT = iphoneos;
				TARGETED_DEVICE_FAMILY = "1,2";
				VALIDATE_PRODUCT = YES;
			};
			name = Release;
		};
		C949389B178E33D7000B1D4E /* Debug */ = {
			isa = XCBuildConfiguration;
			baseConfigurationReference = 34D08B3798ADCCEA311D6684 /* Pods-BRScrollerDemo.debug.xcconfig */;
			buildSettings = {
				GCC_PRECOMPILE_PREFIX_HEADER = YES;
				GCC_PREFIX_HEADER = "BRScrollerDemo/BRScrollerDemo-Prefix.pch";
				INFOPLIST_FILE = "BRScrollerDemo/BRScrollerDemo-Info.plist";
				PRODUCT_BUNDLE_IDENTIFIER = "us.bluerocket.${PRODUCT_NAME:rfc1034identifier}";
				PRODUCT_NAME = "$(TARGET_NAME)";
				WRAPPER_EXTENSION = app;
			};
			name = Debug;
		};
		C949389C178E33D7000B1D4E /* Release */ = {
			isa = XCBuildConfiguration;
			baseConfigurationReference = 08D21A6281D3B82FF6960ABA /* Pods-BRScrollerDemo.release.xcconfig */;
			buildSettings = {
				GCC_PRECOMPILE_PREFIX_HEADER = YES;
				GCC_PREFIX_HEADER = "BRScrollerDemo/BRScrollerDemo-Prefix.pch";
				INFOPLIST_FILE = "BRScrollerDemo/BRScrollerDemo-Info.plist";
				PRODUCT_BUNDLE_IDENTIFIER = "us.bluerocket.${PRODUCT_NAME:rfc1034identifier}";
				PRODUCT_NAME = "$(TARGET_NAME)";
				WRAPPER_EXTENSION = app;
			};
			name = Release;
		};
/* End XCBuildConfiguration section */

/* Begin XCConfigurationList section */
		C949386F178E33D7000B1D4E /* Build configuration list for PBXProject "BRScrollerDemo" */ = {
			isa = XCConfigurationList;
			buildConfigurations = (
				C9493898178E33D7000B1D4E /* Debug */,
				C9493899178E33D7000B1D4E /* Release */,
			);
			defaultConfigurationIsVisible = 0;
			defaultConfigurationName = Release;
		};
		C949389A178E33D7000B1D4E /* Build configuration list for PBXNativeTarget "BRScrollerDemo" */ = {
			isa = XCConfigurationList;
			buildConfigurations = (
				C949389B178E33D7000B1D4E /* Debug */,
				C949389C178E33D7000B1D4E /* Release */,
			);
			defaultConfigurationIsVisible = 0;
			defaultConfigurationName = Release;
		};
/* End XCConfigurationList section */
	};
	rootObject = C949386C178E33D7000B1D4E /* Project object */;
}
